
Microsoft Visual Studio Solution File, Format Version 12.00
# Visual Studio 15
VisualStudioVersion = 15.0.28307.421
MinimumVisualStudioVersion = 10.0.40219.1
Project("{FAE04EC0-301F-11D3-BF4B-00C04F79EFBC}") = "RotDecrypter", "RotDecrypter\RotDecrypter.csproj", "{DC4DDB68-8D3F-40E6-9DAB-87CBCD06F245}"
EndProject
Global
	GlobalSection(SolutionConfigurationPlatforms) = preSolution
		Debug|Any CPU = Debug|Any CPU
		Release|Any CPU = Release|Any CPU
	EndGlobalSection
	GlobalSection(ProjectConfigurationPlatforms) = postSolution
		{DC4DDB68-8D3F-40E6-9DAB-87CBCD06F245}.Debug|Any CPU.ActiveCfg = Debug|Any CPU
		{DC4DDB68-8D3F-40E6-9DAB-87CBCD06F245}.Debug|Any CPU.Build.0 = Debug|Any CPU
		{DC4DDB68-8D3F-40E6-9DAB-87CBCD06F245}.Release|Any CPU.ActiveCfg = Release|Any CPU
		{DC4DDB68-8D3F-40E6-9DAB-87CBCD06F245}.Release|Any CPU.Build.0 = Release|Any CPU
	EndGlobalSection
	GlobalSection(SolutionProperties) = preSolution
		HideSolutionNode = FALSE
	EndGlobalSection
	GlobalSection(ExtensibilityGlobals) = postSolution
		SolutionGuid = {2E8C5ECC-BC0A-423B-BA9E-0049B21E444D}
	EndGlobalSection
EndGlobal
